
Microsoft Visual Studio Solution File, Format Version 12.00
# Visual Studio Version 17
VisualStudioVersion = 17.0.31903.59
MinimumVisualStudioVersion = 10.0.40219.1
Project("{FAE04EC0-301F-11D3-BF4B-00C04F79EFBC}") = "NutriExercise.Api", "NutriExercise.Api\NutriExercise.Api.csproj", "{ED124C89-EF68-40E9-8337-74BCF0D00626}"
EndProject
Project("{FAE04EC0-301F-11D3-BF4B-00C04F79EFBC}") = "NutriExercise.Core", "NutriExercise.Core\NutriExercise.Core.csproj", "{FA6C6FAC-2F53-4A8F-ACCA-91ABF06C241B}"
EndProject
Project("{FAE04EC0-301F-11D3-BF4B-00C04F79EFBC}") = "NutriExercise.Infrastructure", "NutriExercise.Infrastructure\NutriExercise.Infrastructure.csproj", "{43C193A1-FC5A-4747-9490-3EE561471E2D}"
EndProject
Project("{FAE04EC0-301F-11D3-BF4B-00C04F79EFBC}") = "NutriExercise.Tests", "NutriExercise.Tests\NutriExercise.Tests.csproj", "{BAA87176-E43D-4A0B-B303-3B8AEB8DC698}"
EndProject
Project("{FAE04EC0-301F-11D3-BF4B-00C04F79EFBC}") = "NutriExercise.Specs", "NutriExercise.Specs\NutriExercise.Specs.csproj", "{732FF851-0E4B-422D-BCB5-EAF4CB703E3A}"
EndProject
Global
	GlobalSection(SolutionConfigurationPlatforms) = preSolution
		Debug|Any CPU = Debug|Any CPU
		Release|Any CPU = Release|Any CPU
	EndGlobalSection
	GlobalSection(SolutionProperties) = preSolution
		HideSolutionNode = FALSE
	EndGlobalSection
	GlobalSection(ProjectConfigurationPlatforms) = postSolution
		{ED124C89-EF68-40E9-8337-74BCF0D00626}.Debug|Any CPU.ActiveCfg = Debug|Any CPU
		{ED124C89-EF68-40E9-8337-74BCF0D00626}.Debug|Any CPU.Build.0 = Debug|Any CPU
		{ED124C89-EF68-40E9-8337-74BCF0D00626}.Release|Any CPU.ActiveCfg = Release|Any CPU
		{ED124C89-EF68-40E9-8337-74BCF0D00626}.Release|Any CPU.Build.0 = Release|Any CPU
		{FA6C6FAC-2F53-4A8F-ACCA-91ABF06C241B}.Debug|Any CPU.ActiveCfg = Debug|Any CPU
		{FA6C6FAC-2F53-4A8F-ACCA-91ABF06C241B}.Debug|Any CPU.Build.0 = Debug|Any CPU
		{FA6C6FAC-2F53-4A8F-ACCA-91ABF06C241B}.Release|Any CPU.ActiveCfg = Release|Any CPU
		{FA6C6FAC-2F53-4A8F-ACCA-91ABF06C241B}.Release|Any CPU.Build.0 = Release|Any CPU
		{43C193A1-FC5A-4747-9490-3EE561471E2D}.Debug|Any CPU.ActiveCfg = Debug|Any CPU
		{43C193A1-FC5A-4747-9490-3EE561471E2D}.Debug|Any CPU.Build.0 = Debug|Any CPU
		{43C193A1-FC5A-4747-9490-3EE561471E2D}.Release|Any CPU.ActiveCfg = Release|Any CPU
		{43C193A1-FC5A-4747-9490-3EE561471E2D}.Release|Any CPU.Build.0 = Release|Any CPU
		{BAA87176-E43D-4A0B-B303-3B8AEB8DC698}.Debug|Any CPU.ActiveCfg = Debug|Any CPU
		{BAA87176-E43D-4A0B-B303-3B8AEB8DC698}.Debug|Any CPU.Build.0 = Debug|Any CPU
		{BAA87176-E43D-4A0B-B303-3B8AEB8DC698}.Release|Any CPU.ActiveCfg = Release|Any CPU
		{BAA87176-E43D-4A0B-B303-3B8AEB8DC698}.Release|Any CPU.Build.0 = Release|Any CPU
		{732FF851-0E4B-422D-BCB5-EAF4CB703E3A}.Debug|Any CPU.ActiveCfg = Debug|Any CPU
		{732FF851-0E4B-422D-BCB5-EAF4CB703E3A}.Debug|Any CPU.Build.0 = Debug|Any CPU
		{732FF851-0E4B-422D-BCB5-EAF4CB703E3A}.Release|Any CPU.ActiveCfg = Release|Any CPU
		{732FF851-0E4B-422D-BCB5-EAF4CB703E3A}.Release|Any CPU.Build.0 = Release|Any CPU
	EndGlobalSection
EndGlobal
